
Microsoft Visual Studio Solution File, Format Version 12.00
# Visual Studio 15
VisualStudioVersion = 15.0.26730.16
MinimumVisualStudioVersion = 10.0.40219.1
Project("{FAE04EC0-301F-11D3-BF4B-00C04F79EFBC}") = "LMB.PropertyExtension", "LMB.PropertyExtension\LMB.PropertyExtension.csproj", "{D7D709E2-3633-41E2-B199-F02E6F72DAB5}"
EndProject
Project("{2150E333-8FDC-42A3-9474-1A3956D46DE8}") = "Solution Items", "Solution Items", "{EB6B8D5D-1052-4396-9880-CA1CF07C0A05}"
	ProjectSection(SolutionItems) = preProject
		README.md = README.md
	EndProjectSection
EndProject
Project("{FAE04EC0-301F-11D3-BF4B-00C04F79EFBC}") = "LMB.PropertyExtension.Test", "LMB.PropertyExtension.Test\LMB.PropertyExtension.Test.csproj", "{4D568A8F-1FB6-48D2-9A3A-9566079B7F89}"
EndProject
Global
	GlobalSection(SolutionConfigurationPlatforms) = preSolution
		Debug|Any CPU = Debug|Any CPU
		Release|Any CPU = Release|Any CPU
	EndGlobalSection
	GlobalSection(ProjectConfigurationPlatforms) = postSolution
		{D7D709E2-3633-41E2-B199-F02E6F72DAB5}.Debug|Any CPU.ActiveCfg = Debug|Any CPU
		{D7D709E2-3633-41E2-B199-F02E6F72DAB5}.Debug|Any CPU.Build.0 = Debug|Any CPU
		{D7D709E2-3633-41E2-B199-F02E6F72DAB5}.Release|Any CPU.ActiveCfg = Release|Any CPU
		{D7D709E2-3633-41E2-B199-F02E6F72DAB5}.Release|Any CPU.Build.0 = Release|Any CPU
		{4D568A8F-1FB6-48D2-9A3A-9566079B7F89}.Debug|Any CPU.ActiveCfg = Debug|Any CPU
		{4D568A8F-1FB6-48D2-9A3A-9566079B7F89}.Debug|Any CPU.Build.0 = Debug|Any CPU
		{4D568A8F-1FB6-48D2-9A3A-9566079B7F89}.Release|Any CPU.ActiveCfg = Release|Any CPU
		{4D568A8F-1FB6-48D2-9A3A-9566079B7F89}.Release|Any CPU.Build.0 = Release|Any CPU
	EndGlobalSection
	GlobalSection(SolutionProperties) = preSolution
		HideSolutionNode = FALSE
	EndGlobalSection
	GlobalSection(ExtensibilityGlobals) = postSolution
		SolutionGuid = {F0B94CB0-A7C9-4F34-A6C3-891026C56D74}
	EndGlobalSection
EndGlobal
