
Microsoft Visual Studio Solution File, Format Version 12.00
# Visual Studio 15
VisualStudioVersion = 15.0.26730.16
MinimumVisualStudioVersion = 10.0.40219.1
Project("{FAE04EC0-301F-11D3-BF4B-00C04F79EFBC}") = "LMB.GenericEntityBase", "LMB.GenericEntityBase\LMB.GenericEntityBase.csproj", "{9415EA0A-9E19-4C3E-944E-3E856220E536}"
EndProject
Project("{2150E333-8FDC-42A3-9474-1A3956D46DE8}") = "Solution Items", "Solution Items", "{CA5A446A-9052-49A4-8CF5-A26744D9CE89}"
	ProjectSection(SolutionItems) = preProject
		README.md = README.md
	EndProjectSection
EndProject
Global
	GlobalSection(SolutionConfigurationPlatforms) = preSolution
		Debug|Any CPU = Debug|Any CPU
		Release|Any CPU = Release|Any CPU
	EndGlobalSection
	GlobalSection(ProjectConfigurationPlatforms) = postSolution
		{9415EA0A-9E19-4C3E-944E-3E856220E536}.Debug|Any CPU.ActiveCfg = Debug|Any CPU
		{9415EA0A-9E19-4C3E-944E-3E856220E536}.Debug|Any CPU.Build.0 = Debug|Any CPU
		{9415EA0A-9E19-4C3E-944E-3E856220E536}.Release|Any CPU.ActiveCfg = Release|Any CPU
		{9415EA0A-9E19-4C3E-944E-3E856220E536}.Release|Any CPU.Build.0 = Release|Any CPU
	EndGlobalSection
	GlobalSection(SolutionProperties) = preSolution
		HideSolutionNode = FALSE
	EndGlobalSection
	GlobalSection(ExtensibilityGlobals) = postSolution
		SolutionGuid = {BC0689C9-7EB0-4E6E-845D-E31CD452D99D}
	EndGlobalSection
EndGlobal
